PODS:
  - AmazonIVSPlayer (1.24.0)
  - BitmovinAnalyticsCollector/AmazonIVSPlayer (3.8.0):
    - AmazonIVSPlayer (= 1.24.0)
    - BitmovinAnalyticsCollector/Core
  - BitmovinAnalyticsCollector/AVPlayer (3.8.0):
    - BitmovinAnalyticsCollector/Core
  - BitmovinAnalyticsCollector/BitmovinPlayer (3.8.0):
    - BitmovinAnalyticsCollector/Core
    - BitmovinPlayerCore (~> 3.48)
  - BitmovinAnalyticsCollector/Core (3.8.0)
  - BitmovinPlayer (3.70.0):
    - BitmovinAnalyticsCollector/BitmovinPlayer (~> 3.0)
    - BitmovinPlayerCore (= 3.70.0)
  - BitmovinPlayerCore (3.70.0)

DEPENDENCIES:
  - AmazonIVSPlayer (= 1.24.0)
  - BitmovinAnalyticsCollector/AmazonIVSPlayer (= 3.8.0)
  - BitmovinAnalyticsCollector/AVPlayer (= 3.8.0)
  - BitmovinAnalyticsCollector/BitmovinPlayer (= 3.8.0)
  - BitmovinAnalyticsCollector/Core (= 3.8.0)
  - BitmovinPlayer (= 3.70.0)

SPEC REPOS:
  https://github.com/bitmovin/cocoapod-specs.git:
    - BitmovinAnalyticsCollector
    - BitmovinPlayer
    - BitmovinPlayerCore
  trunk:
    - AmazonIVSPlayer

SPEC CHECKSUMS:
  AmazonIVSPlayer: 83d7d16a27eb5f804aa88e6a8fb0a77e0e08ef9d
  BitmovinAnalyticsCollector: 1390e34dd1af4a0b9fe09e290510de648eec4c09
  BitmovinPlayer: 3ea160bed65b291fb7b9b1a25f383f4a333761b6
  BitmovinPlayerCore: cd4d8d8f0385f926da68cf2e91da3b6429a60d3e

PODFILE CHECKSUM: d0e886430d732912fa0a2001490e5f4221fd09cb

COCOAPODS: 1.16.2
