PODS:
  - AmazonIVSPlayer (1.24.0)
  - BitmovinAnalyticsCollector/AmazonIVSPlayer (3.7.0):
    - AmazonIVSPlayer (= 1.24.0)
    - BitmovinAnalyticsCollector/Core
  - BitmovinAnalyticsCollector/AVPlayer (3.7.0):
    - BitmovinAnalyticsCollector/Core
  - BitmovinAnalyticsCollector/BitmovinPlayer (3.7.0):
    - BitmovinAnalyticsCollector/Core
    - BitmovinPlayerCore (~> 3.48)
  - BitmovinAnalyticsCollector/Core (3.7.0)
  - BitmovinPlayer (3.64.0):
    - BitmovinAnalyticsCollector/BitmovinPlayer (~> 3.0)
    - BitmovinPlayerCore (= 3.64.0)
  - BitmovinPlayerCore (3.64.0)

DEPENDENCIES:
  - AmazonIVSPlayer (= 1.24.0)
  - BitmovinAnalyticsCollector/AmazonIVSPlayer (= 3.7.0)
  - BitmovinAnalyticsCollector/AVPlayer (= 3.7.0)
  - BitmovinAnalyticsCollector/BitmovinPlayer (= 3.7.0)
  - BitmovinAnalyticsCollector/Core (= 3.7.0)
  - BitmovinPlayer (= 3.64.0)

SPEC REPOS:
  https://github.com/bitmovin/cocoapod-specs.git:
    - BitmovinAnalyticsCollector
    - BitmovinPlayer
    - BitmovinPlayerCore
  trunk:
    - AmazonIVSPlayer

SPEC CHECKSUMS:
  AmazonIVSPlayer: 83d7d16a27eb5f804aa88e6a8fb0a77e0e08ef9d
  BitmovinAnalyticsCollector: bbd82c0b8e11aefacd8e53b6e40c62f2cba6f3f5
  BitmovinPlayer: f69350e5db2f57ad950108ec829b7c7a4b360d00
  BitmovinPlayerCore: 1553570729eed0a64cdfbd06d16c39d69d7e701f

PODFILE CHECKSUM: 1f969e9827265c60b7ec57ad7c0e7e797916c4d0

COCOAPODS: 1.13.0
