// !$*UTF8*$!
{
	archiveVersion = 1;
	classes = {
	};
	objectVersion = 77;
	objects = {

/* Begin PBXBuildFile section */
		9D7314982F9B6BAF007BFF65 /* THEOplayerTHEOadsIntegration in Frameworks */ = {isa = PBXBuildFile; productRef = 9D7314972F9B6BAF007BFF65 /* THEOplayerTHEOadsIntegration */; };
		9D7314992F9B6BB0007BFF65 /* THEOplayerGoogleIMAIntegration in Frameworks */ = {isa = PBXBuildFile; productRef = 9D73149A2F9B6BB0007BFF65 /* THEOplayerGoogleIMAIntegration */; };
		9D73149B2F9B6BB1007BFF65 /* GoogleInteractiveMediaAds in Frameworks */ = {isa = PBXBuildFile; productRef = 9D73149C2F9B6BB1007BFF65 /* GoogleInteractiveMediaAds */; };
		C1BF001A00000000000000AA /* THEOplayerSDK in Frameworks */ = {isa = PBXBuildFile; productRef = C1SP001A00000000000000AA /* THEOplayerSDK */; };
		C1BF001B00000000000000BB /* THEOplayerCollector in Frameworks */ = {isa = PBXBuildFile; productRef = C1SP001B00000000000000BB /* THEOplayerCollector */; };
/* End PBXBuildFile section */

/* Begin PBXFileReference section */
		C1FR001A00000000000000AA /* THEOplayerAds.app */ = {isa = PBXFileReference; explicitFileType = wrapper.application; includeInIndex = 0; path = THEOplayerAds.app; sourceTree = BUILT_PRODUCTS_DIR; };
/* End PBXFileReference section */

/* Begin PBXFileSystemSynchronizedRootGroup section */
		C1FS001A00000000000000AA /* THEOplayerAds */ = {
			isa = PBXFileSystemSynchronizedRootGroup;
			path = THEOplayerAds;
			sourceTree = "<group>";
		};
/* End PBXFileSystemSynchronizedRootGroup section */

/* Begin PBXFrameworksBuildPhase section */
		C1BP001A00000000000000AA /* Frameworks */ = {
			isa = PBXFrameworksBuildPhase;
			buildActionMask = 2147483647;
			files = (
				9D7314982F9B6BAF007BFF65 /* THEOplayerTHEOadsIntegration in Frameworks */,
				9D7314992F9B6BB0007BFF65 /* THEOplayerGoogleIMAIntegration in Frameworks */,
				9D73149B2F9B6BB1007BFF65 /* GoogleInteractiveMediaAds in Frameworks */,
				C1BF001A00000000000000AA /* THEOplayerSDK in Frameworks */,
				C1BF001B00000000000000BB /* THEOplayerCollector in Frameworks */,
			);
			runOnlyForDeploymentPostprocessing = 0;
		};
/* End PBXFrameworksBuildPhase section */

/* Begin PBXGroup section */
		9D7314962F9B6BAF007BFF65 /* Frameworks */ = {
			isa = PBXGroup;
			children = (
			);
			name = Frameworks;
			sourceTree = "<group>";
		};
		C1GR001A00000000000000AA = {
			isa = PBXGroup;
			children = (
				C1FS001A00000000000000AA /* THEOplayerAds */,
				9D7314962F9B6BAF007BFF65 /* Frameworks */,
				C1GR001B00000000000000BB /* Products */,
			);
			sourceTree = "<group>";
		};
		C1GR001B00000000000000BB /* Products */ = {
			isa = PBXGroup;
			children = (
				C1FR001A00000000000000AA /* THEOplayerAds.app */,
			);
			name = Products;
			sourceTree = "<group>";
		};
/* End PBXGroup section */

/* Begin PBXNativeTarget section */
		C1NT001A00000000000000AA /* THEOplayerAds */ = {
			isa = PBXNativeTarget;
			buildConfigurationList = C1CL001B00000000000000BB /* Build configuration list for PBXNativeTarget "THEOplayerAds" */;
			buildPhases = (
				C1BP001C00000000000000CC /* Sources */,
				C1BP001A00000000000000AA /* Frameworks */,
				C1BP001B00000000000000BB /* Resources */,
			);
			buildRules = (
			);
			dependencies = (
			);
			fileSystemSynchronizedGroups = (
				C1FS001A00000000000000AA /* THEOplayerAds */,
			);
			name = THEOplayerAds;
			packageProductDependencies = (
				C1SP001B00000000000000BB /* THEOplayerCollector */,
				C1SP001A00000000000000AA /* THEOplayerSDK */,
				9D7314972F9B6BAF007BFF65 /* THEOplayerTHEOadsIntegration */,
				9D73149A2F9B6BB0007BFF65 /* THEOplayerGoogleIMAIntegration */,
				9D73149C2F9B6BB1007BFF65 /* GoogleInteractiveMediaAds */,
			);
			productName = THEOplayerAds;
			productReference = C1FR001A00000000000000AA /* THEOplayerAds.app */;
			productType = "com.apple.product-type.application";
		};
/* End PBXNativeTarget section */

/* Begin PBXProject section */
		C1PJ001A00000000000000AA /* Project object */ = {
			isa = PBXProject;
			attributes = {
				BuildIndependentTargetsInParallel = 1;
				LastSwiftUpdateCheck = 2620;
				LastUpgradeCheck = 2630;
				TargetAttributes = {
					C1NT001A00000000000000AA = {
						CreatedOnToolsVersion = 26.2;
					};
				};
			};
			buildConfigurationList = C1CL001A00000000000000AA /* Build configuration list for PBXProject "THEOplayerAds" */;
			developmentRegion = en;
			hasScannedForEncodings = 0;
			knownRegions = (
				en,
				Base,
			);
			mainGroup = C1GR001A00000000000000AA;
			minimizedProjectReferenceProxies = 1;
			packageReferences = (
				C1RS001B00000000000000BB /* XCRemoteSwiftPackageReference "bitmovin-analytics-collector-ios" */,
				C1RS001A00000000000000AA /* XCRemoteSwiftPackageReference "theoplayer-sdk-apple" */,
				9D73149D2F9B6BB2007BFF65 /* XCRemoteSwiftPackageReference "swift-package-manager-google-interactive-media-ads-ios" */,
			);
			preferredProjectObjectVersion = 77;
			productRefGroup = C1GR001B00000000000000BB /* Products */;
			projectDirPath = "";
			projectRoot = "";
			targets = (
				C1NT001A00000000000000AA /* THEOplayerAds */,
			);
		};
/* End PBXProject section */

/* Begin PBXResourcesBuildPhase section */
		C1BP001B00000000000000BB /* Resources */ = {
			isa = PBXResourcesBuildPhase;
			buildActionMask = 2147483647;
			files = (
			);
			runOnlyForDeploymentPostprocessing = 0;
		};
/* End PBXResourcesBuildPhase section */

/* Begin PBXSourcesBuildPhase section */
		C1BP001C00000000000000CC /* Sources */ = {
			isa = PBXSourcesBuildPhase;
			buildActionMask = 2147483647;
			files = (
			);
			runOnlyForDeploymentPostprocessing = 0;
		};
/* End PBXSourcesBuildPhase section */

/* Begin XCBuildConfiguration section */
		C1BC001A00000000000000AA /* Debug */ = {
			isa = XCBuildConfiguration;
			buildSettings = {
				ALWAYS_SEARCH_USER_PATHS = NO;
				ASSETCATALOG_COMPILER_GENERATE_SWIFT_ASSET_SYMBOL_EXTENSIONS = YES;
				CLANG_ANALYZER_NONNULL = YES;
				CLANG_ANALYZER_NUMBER_OBJECT_CONVERSION = YES_AGGRESSIVE;
				CLANG_CXX_LANGUAGE_STANDARD = "gnu++20";
				CLANG_ENABLE_MODULES = YES;
				CLANG_ENABLE_OBJC_ARC = YES;
				CLANG_ENABLE_OBJC_WEAK = YES;
				CLANG_WARN_BLOCK_CAPTURE_AUTORELEASING = YES;
				CLANG_WARN_BOOL_CONVERSION = YES;
				CLANG_WARN_COMMA = YES;
				CLANG_WARN_CONSTANT_CONVERSION = YES;
				CLANG_WARN_DEPRECATED_OBJC_IMPLEMENTATIONS = YES;
				CLANG_WARN_DIRECT_OBJC_ISA_USAGE = YES_ERROR;
				CLANG_WARN_DOCUMENTATION_COMMENTS = YES;
				CLANG_WARN_EMPTY_BODY = YES;
				CLANG_WARN_ENUM_CONVERSION = YES;
				CLANG_WARN_INFINITE_RECURSION = YES;
				CLANG_WARN_INT_CONVERSION = YES;
				CLANG_WARN_NON_LITERAL_NULL_CONVERSION = YES;
				CLANG_WARN_OBJC_IMPLICIT_RETAIN_SELF = YES;
				CLANG_WARN_OBJC_LITERAL_CONVERSION = YES;
				CLANG_WARN_OBJC_ROOT_CLASS = YES_ERROR;
				CLANG_WARN_QUOTED_INCLUDE_IN_FRAMEWORK_HEADER = YES;
				CLANG_WARN_RANGE_LOOP_ANALYSIS = YES;
				CLANG_WARN_STRICT_PROTOTYPES = YES;
				CLANG_WARN_SUSPICIOUS_MOVE = YES;
				CLANG_WARN_UNGUARDED_AVAILABILITY = YES_AGGRESSIVE;
				CLANG_WARN_UNREACHABLE_CODE = YES;
				CLANG_WARN__DUPLICATE_METHOD_MATCH = YES;
				COPY_PHASE_STRIP = NO;
				DEBUG_INFORMATION_FORMAT = dwarf;
				DEVELOPMENT_TEAM = 7UXPEM3WRB;
				ENABLE_STRICT_OBJC_MSGSEND = YES;
				ENABLE_TESTABILITY = YES;
				ENABLE_USER_SCRIPT_SANDBOXING = NO;
				GCC_C_LANGUAGE_STANDARD = gnu17;
				GCC_DYNAMIC_NO_PIC = NO;
				GCC_NO_COMMON_BLOCKS = YES;
				GCC_OPTIMIZATION_LEVEL = 0;
				GCC_PREPROCESSOR_DEFINITIONS = (
					"DEBUG=1",
					"$(inherited)",
				);
				GCC_WARN_64_TO_32_BIT_CONVERSION = YES;
				GCC_WARN_ABOUT_RETURN_TYPE = YES_ERROR;
				GCC_WARN_UNDECLARED_SELECTOR = YES;
				GCC_WARN_UNINITIALIZED_AUTOS = YES_AGGRESSIVE;
				GCC_WARN_UNUSED_FUNCTION = YES;
				GCC_WARN_UNUSED_VARIABLE = YES;
				IPHONEOS_DEPLOYMENT_TARGET = 14.0;
				LOCALIZATION_PREFERS_STRING_CATALOGS = YES;
				MTL_ENABLE_DEBUG_INFO = INCLUDE_SOURCE;
				MTL_FAST_MATH = YES;
				ONLY_ACTIVE_ARCH = YES;
				SDKROOT = iphoneos;
				STRING_CATALOG_GENERATE_SYMBOLS = YES;
				SWIFT_ACTIVE_COMPILATION_CONDITIONS = "DEBUG $(inherited)";
				SWIFT_OPTIMIZATION_LEVEL = "-Onone";
			};
			name = Debug;
		};
		C1BC001B00000000000000BB /* Release */ = {
			isa = XCBuildConfiguration;
			buildSettings = {
				ALWAYS_SEARCH_USER_PATHS = NO;
				ASSETCATALOG_COMPILER_GENERATE_SWIFT_ASSET_SYMBOL_EXTENSIONS = YES;
				CLANG_ANALYZER_NONNULL = YES;
				CLANG_ANALYZER_NUMBER_OBJECT_CONVERSION = YES_AGGRESSIVE;
				CLANG_CXX_LANGUAGE_STANDARD = "gnu++20";
				CLANG_ENABLE_MODULES = YES;
				CLANG_ENABLE_OBJC_ARC = YES;
				CLANG_ENABLE_OBJC_WEAK = YES;
				CLANG_WARN_BLOCK_CAPTURE_AUTORELEASING = YES;
				CLANG_WARN_BOOL_CONVERSION = YES;
				CLANG_WARN_COMMA = YES;
				CLANG_WARN_CONSTANT_CONVERSION = YES;
				CLANG_WARN_DEPRECATED_OBJC_IMPLEMENTATIONS = YES;
				CLANG_WARN_DIRECT_OBJC_ISA_USAGE = YES_ERROR;
				CLANG_WARN_DOCUMENTATION_COMMENTS = YES;
				CLANG_WARN_EMPTY_BODY = YES;
				CLANG_WARN_ENUM_CONVERSION = YES;
				CLANG_WARN_INFINITE_RECURSION = YES;
				CLANG_WARN_INT_CONVERSION = YES;
				CLANG_WARN_NON_LITERAL_NULL_CONVERSION = YES;
				CLANG_WARN_OBJC_IMPLICIT_RETAIN_SELF = YES;
				CLANG_WARN_OBJC_LITERAL_CONVERSION = YES;
				CLANG_WARN_OBJC_ROOT_CLASS = YES_ERROR;
				CLANG_WARN_QUOTED_INCLUDE_IN_FRAMEWORK_HEADER = YES;
				CLANG_WARN_RANGE_LOOP_ANALYSIS = YES;
				CLANG_WARN_STRICT_PROTOTYPES = YES;
				CLANG_WARN_SUSPICIOUS_MOVE = YES;
				CLANG_WARN_UNGUARDED_AVAILABILITY = YES_AGGRESSIVE;
				CLANG_WARN_UNREACHABLE_CODE = YES;
				CLANG_WARN__DUPLICATE_METHOD_MATCH = YES;
				COPY_PHASE_STRIP = NO;
				DEBUG_INFORMATION_FORMAT = "dwarf-with-dsym";
				DEVELOPMENT_TEAM = 7UXPEM3WRB;
				ENABLE_NS_ASSERTIONS = NO;
				ENABLE_STRICT_OBJC_MSGSEND = YES;
				ENABLE_USER_SCRIPT_SANDBOXING = NO;
				GCC_C_LANGUAGE_STANDARD = gnu17;
				GCC_NO_COMMON_BLOCKS = YES;
				GCC_WARN_64_TO_32_BIT_CONVERSION = YES;
				GCC_WARN_ABOUT_RETURN_TYPE = YES_ERROR;
				GCC_WARN_UNDECLARED_SELECTOR = YES;
				GCC_WARN_UNINITIALIZED_AUTOS = YES_AGGRESSIVE;
				GCC_WARN_UNUSED_FUNCTION = YES;
				GCC_WARN_UNUSED_VARIABLE = YES;
				IPHONEOS_DEPLOYMENT_TARGET = 14.0;
				LOCALIZATION_PREFERS_STRING_CATALOGS = YES;
				MTL_ENABLE_DEBUG_INFO = NO;
				MTL_FAST_MATH = YES;
				SDKROOT = iphoneos;
				STRING_CATALOG_GENERATE_SYMBOLS = YES;
				SWIFT_COMPILATION_MODE = wholemodule;
				VALIDATE_PRODUCT = YES;
			};
			name = Release;
		};
		C1BC001C00000000000000CC /* Debug */ = {
			isa = XCBuildConfiguration;
			buildSettings = {
				ASSETCATALOG_COMPILER_APPICON_NAME = AppIcon;
				ASSETCATALOG_COMPILER_GLOBAL_ACCENT_COLOR_NAME = AccentColor;
				CODE_SIGN_STYLE = Automatic;
				CURRENT_PROJECT_VERSION = 1;
				DEVELOPMENT_TEAM = 7UXPEM3WRB;
				ENABLE_PREVIEWS = YES;
				GCC_C_LANGUAGE_STANDARD = gnu17;
				GENERATE_INFOPLIST_FILE = YES;
				INFOPLIST_KEY_UIApplicationSceneManifest_Generation = YES;
				INFOPLIST_KEY_UIApplicationSupportsIndirectInputEvents = YES;
				INFOPLIST_KEY_UILaunchScreen_Generation = YES;
				INFOPLIST_KEY_UISupportedInterfaceOrientations_iPad = "UIInterfaceOrientationPortrait UIInterfaceOrientationPortraitUpsideDown UIInterfaceOrientationLandscapeLeft UIInterfaceOrientationLandscapeRight";
				INFOPLIST_KEY_UISupportedInterfaceOrientations_iPhone = "UIInterfaceOrientationPortrait UIInterfaceOrientationLandscapeLeft UIInterfaceOrientationLandscapeRight";
				IPHONEOS_DEPLOYMENT_TARGET = 15.6;
				LD_RUNPATH_SEARCH_PATHS = (
					"$(inherited)",
					"@executable_path/Frameworks",
				);
				MARKETING_VERSION = 1.0;
				PRODUCT_BUNDLE_IDENTIFIER = com.bitmovin.analytics.samples.theoplayer.ads;
				PRODUCT_NAME = "$(TARGET_NAME)";
				STRING_CATALOG_GENERATE_SYMBOLS = YES;
				SUPPORTED_PLATFORMS = "iphoneos iphonesimulator";
				SUPPORTS_MACCATALYST = NO;
				SUPPORTS_MAC_DESIGNED_FOR_IPHONE_IPAD = NO;
				SUPPORTS_XR_DESIGNED_FOR_IPHONE_IPAD = NO;
				SWIFT_APPROACHABLE_CONCURRENCY = YES;
				SWIFT_DEFAULT_ACTOR_ISOLATION = MainActor;
				SWIFT_EMIT_LOC_STRINGS = YES;
				SWIFT_UPCOMING_FEATURE_MEMBER_IMPORT_VISIBILITY = NO;
				SWIFT_VERSION = 5.0;
				TARGETED_DEVICE_FAMILY = "1,2";
			};
			name = Debug;
		};
		C1BC001D00000000000000DD /* Release */ = {
			isa = XCBuildConfiguration;
			buildSettings = {
				ASSETCATALOG_COMPILER_APPICON_NAME = AppIcon;
				ASSETCATALOG_COMPILER_GLOBAL_ACCENT_COLOR_NAME = AccentColor;
				CODE_SIGN_STYLE = Automatic;
				CURRENT_PROJECT_VERSION = 1;
				DEVELOPMENT_TEAM = 7UXPEM3WRB;
				ENABLE_PREVIEWS = YES;
				GCC_C_LANGUAGE_STANDARD = gnu17;
				GENERATE_INFOPLIST_FILE = YES;
				INFOPLIST_KEY_UIApplicationSceneManifest_Generation = YES;
				INFOPLIST_KEY_UIApplicationSupportsIndirectInputEvents = YES;
				INFOPLIST_KEY_UILaunchScreen_Generation = YES;
				INFOPLIST_KEY_UISupportedInterfaceOrientations_iPad = "UIInterfaceOrientationPortrait UIInterfaceOrientationPortraitUpsideDown UIInterfaceOrientationLandscapeLeft UIInterfaceOrientationLandscapeRight";
				INFOPLIST_KEY_UISupportedInterfaceOrientations_iPhone = "UIInterfaceOrientationPortrait UIInterfaceOrientationLandscapeLeft UIInterfaceOrientationLandscapeRight";
				IPHONEOS_DEPLOYMENT_TARGET = 15.6;
				LD_RUNPATH_SEARCH_PATHS = (
					"$(inherited)",
					"@executable_path/Frameworks",
				);
				MARKETING_VERSION = 1.0;
				PRODUCT_BUNDLE_IDENTIFIER = com.bitmovin.analytics.samples.theoplayer.ads;
				PRODUCT_NAME = "$(TARGET_NAME)";
				STRING_CATALOG_GENERATE_SYMBOLS = YES;
				SUPPORTED_PLATFORMS = "iphoneos iphonesimulator";
				SUPPORTS_MACCATALYST = NO;
				SUPPORTS_MAC_DESIGNED_FOR_IPHONE_IPAD = NO;
				SUPPORTS_XR_DESIGNED_FOR_IPHONE_IPAD = NO;
				SWIFT_APPROACHABLE_CONCURRENCY = YES;
				SWIFT_DEFAULT_ACTOR_ISOLATION = MainActor;
				SWIFT_EMIT_LOC_STRINGS = YES;
				SWIFT_UPCOMING_FEATURE_MEMBER_IMPORT_VISIBILITY = NO;
				SWIFT_VERSION = 5.0;
				TARGETED_DEVICE_FAMILY = "1,2";
			};
			name = Release;
		};
/* End XCBuildConfiguration section */

/* Begin XCConfigurationList section */
		C1CL001A00000000000000AA /* Build configuration list for PBXProject "THEOplayerAds" */ = {
			isa = XCConfigurationList;
			buildConfigurations = (
				C1BC001A00000000000000AA /* Debug */,
				C1BC001B00000000000000BB /* Release */,
			);
			defaultConfigurationIsVisible = 0;
			defaultConfigurationName = Release;
		};
		C1CL001B00000000000000BB /* Build configuration list for PBXNativeTarget "THEOplayerAds" */ = {
			isa = XCConfigurationList;
			buildConfigurations = (
				C1BC001C00000000000000CC /* Debug */,
				C1BC001D00000000000000DD /* Release */,
			);
			defaultConfigurationIsVisible = 0;
			defaultConfigurationName = Release;
		};
/* End XCConfigurationList section */

/* Begin XCRemoteSwiftPackageReference section */
		C1RS001A00000000000000AA /* XCRemoteSwiftPackageReference "theoplayer-sdk-apple" */ = {
			isa = XCRemoteSwiftPackageReference;
			repositoryURL = "https://github.com/THEOplayer/theoplayer-sdk-apple";
			requirement = {
				kind = upToNextMajorVersion;
				minimumVersion = 11.0.0;
			};
		};
		C1RS001B00000000000000BB /* XCRemoteSwiftPackageReference "bitmovin-analytics-collector-ios" */ = {
			isa = XCRemoteSwiftPackageReference;
			repositoryURL = "https://github.com/bitmovin/bitmovin-analytics-collector-ios";
			requirement = {
				kind = exactVersion;
				version = "3.24.0-a.5";
			};
		};
		9D73149D2F9B6BB2007BFF65 /* XCRemoteSwiftPackageReference "swift-package-manager-google-interactive-media-ads-ios" */ = {
			isa = XCRemoteSwiftPackageReference;
			repositoryURL = "https://github.com/googleads/swift-package-manager-google-interactive-media-ads-ios";
			requirement = {
				kind = upToNextMajorVersion;
				minimumVersion = 3.0.0;
			};
		};
/* End XCRemoteSwiftPackageReference section */

/* Begin XCSwiftPackageProductDependency section */
		9D7314972F9B6BAF007BFF65 /* THEOplayerTHEOadsIntegration */ = {
			isa = XCSwiftPackageProductDependency;
			package = C1RS001A00000000000000AA /* XCRemoteSwiftPackageReference "theoplayer-sdk-apple" */;
			productName = THEOplayerTHEOadsIntegration;
		};
		C1SP001A00000000000000AA /* THEOplayerSDK */ = {
			isa = XCSwiftPackageProductDependency;
			package = C1RS001A00000000000000AA /* XCRemoteSwiftPackageReference "theoplayer-sdk-apple" */;
			productName = THEOplayerSDK;
		};
		C1SP001B00000000000000BB /* THEOplayerCollector */ = {
			isa = XCSwiftPackageProductDependency;
			package = C1RS001B00000000000000BB /* XCRemoteSwiftPackageReference "bitmovin-analytics-collector-ios" */;
			productName = THEOplayerCollector;
		};
		9D73149A2F9B6BB0007BFF65 /* THEOplayerGoogleIMAIntegration */ = {
			isa = XCSwiftPackageProductDependency;
			package = C1RS001A00000000000000AA /* XCRemoteSwiftPackageReference "theoplayer-sdk-apple" */;
			productName = THEOplayerGoogleIMAIntegration;
		};
		9D73149C2F9B6BB1007BFF65 /* GoogleInteractiveMediaAds */ = {
			isa = XCSwiftPackageProductDependency;
			package = 9D73149D2F9B6BB2007BFF65 /* XCRemoteSwiftPackageReference "swift-package-manager-google-interactive-media-ads-ios" */;
			productName = GoogleInteractiveMediaAds;
		};
/* End XCSwiftPackageProductDependency section */
	};
	rootObject = C1PJ001A00000000000000AA /* Project object */;
}
