// !$*UTF8*$!
{
	archiveVersion = 1;
	classes = {
	};
	objectVersion = 56;
	objects = {

/* Begin PBXBuildFile section */
		9D17F2C82A6669C600454512 /* AmazonIVSPlayerBasicSetupApp.swift in Sources */ = {isa = PBXBuildFile; fileRef = 9D17F2C72A6669C600454512 /* AmazonIVSPlayerBasicSetupApp.swift */; };
		9D17F2CA2A6669C600454512 /* ContentView.swift in Sources */ = {isa = PBXBuildFile; fileRef = 9D17F2C92A6669C600454512 /* ContentView.swift */; };
		9D17F2CC2A6669C700454512 /* Assets.xcassets in Resources */ = {isa = PBXBuildFile; fileRef = 9D17F2CB2A6669C700454512 /* Assets.xcassets */; };
		9D17F2CF2A6669C700454512 /* Preview Assets.xcassets in Resources */ = {isa = PBXBuildFile; fileRef = 9D17F2CE2A6669C700454512 /* Preview Assets.xcassets */; };
		9D17F2D82A666A3400454512 /* PlayerViewWrapper.swift in Sources */ = {isa = PBXBuildFile; fileRef = 9D17F2D62A6669D800454512 /* PlayerViewWrapper.swift */; };
		9D17F2D92A666A3B00454512 /* PlayerView.swift in Sources */ = {isa = PBXBuildFile; fileRef = 9D17F2D52A6669D800454512 /* PlayerView.swift */; };
		A49504ECEF529BD71B83C651 /* Pods_AmazonIVSPlayerBasicSetup.framework in Frameworks */ = {isa = PBXBuildFile; fileRef = 15FADDEE5D94096F4BF27321 /* Pods_AmazonIVSPlayerBasicSetup.framework */; };
/* End PBXBuildFile section */

/* Begin PBXFileReference section */
		15FADDEE5D94096F4BF27321 /* Pods_AmazonIVSPlayerBasicSetup.framework */ = {isa = PBXFileReference; explicitFileType = wrapper.framework; includeInIndex = 0; path = Pods_AmazonIVSPlayerBasicSetup.framework; sourceTree = BUILT_PRODUCTS_DIR; };
		251D2A0D3DD834687DABF3D3 /* Pods-AmazonIVSPlayerBasicSetup.debug.xcconfig */ = {isa = PBXFileReference; includeInIndex = 1; lastKnownFileType = text.xcconfig; name = "Pods-AmazonIVSPlayerBasicSetup.debug.xcconfig"; path = "Target Support Files/Pods-AmazonIVSPlayerBasicSetup/Pods-AmazonIVSPlayerBasicSetup.debug.xcconfig"; sourceTree = "<group>"; };
		666CAC39FAC2AE122815006F /* Pods-AmazonIVSPlayerBasicSetup.release.xcconfig */ = {isa = PBXFileReference; includeInIndex = 1; lastKnownFileType = text.xcconfig; name = "Pods-AmazonIVSPlayerBasicSetup.release.xcconfig"; path = "Target Support Files/Pods-AmazonIVSPlayerBasicSetup/Pods-AmazonIVSPlayerBasicSetup.release.xcconfig"; sourceTree = "<group>"; };
		9D17F2C42A6669C600454512 /* AmazonIVSPlayerBasicSetup.app */ = {isa = PBXFileReference; explicitFileType = wrapper.application; includeInIndex = 0; path = AmazonIVSPlayerBasicSetup.app; sourceTree = BUILT_PRODUCTS_DIR; };
		9D17F2C72A6669C600454512 /* AmazonIVSPlayerBasicSetupApp.swift */ = {isa = PBXFileReference; lastKnownFileType = sourcecode.swift; path = AmazonIVSPlayerBasicSetupApp.swift; sourceTree = "<group>"; };
		9D17F2C92A6669C600454512 /* ContentView.swift */ = {isa = PBXFileReference; lastKnownFileType = sourcecode.swift; path = ContentView.swift; sourceTree = "<group>"; };
		9D17F2CB2A6669C700454512 /* Assets.xcassets */ = {isa = PBXFileReference; lastKnownFileType = folder.assetcatalog; path = Assets.xcassets; sourceTree = "<group>"; };
		9D17F2CE2A6669C700454512 /* Preview Assets.xcassets */ = {isa = PBXFileReference; lastKnownFileType = folder.assetcatalog; path = "Preview Assets.xcassets"; sourceTree = "<group>"; };
		9D17F2D52A6669D800454512 /* PlayerView.swift */ = {isa = PBXFileReference; lastKnownFileType = sourcecode.swift; path = PlayerView.swift; sourceTree = "<group>"; };
		9D17F2D62A6669D800454512 /* PlayerViewWrapper.swift */ = {isa = PBXFileReference; lastKnownFileType = sourcecode.swift; path = PlayerViewWrapper.swift; sourceTree = "<group>"; };
/* End PBXFileReference section */

/* Begin PBXFrameworksBuildPhase section */
		9D17F2C12A6669C600454512 /* Frameworks */ = {
			isa = PBXFrameworksBuildPhase;
			buildActionMask = 2147483647;
			files = (
				A49504ECEF529BD71B83C651 /* Pods_AmazonIVSPlayerBasicSetup.framework in Frameworks */,
			);
			runOnlyForDeploymentPostprocessing = 0;
		};
/* End PBXFrameworksBuildPhase section */

/* Begin PBXGroup section */
		543349F43927A45FBE4F90F6 /* Pods */ = {
			isa = PBXGroup;
			children = (
				251D2A0D3DD834687DABF3D3 /* Pods-AmazonIVSPlayerBasicSetup.debug.xcconfig */,
				666CAC39FAC2AE122815006F /* Pods-AmazonIVSPlayerBasicSetup.release.xcconfig */,
			);
			name = Pods;
			path = ../Pods;
			sourceTree = "<group>";
		};
		79174CA09178A8648B862DFF /* Frameworks */ = {
			isa = PBXGroup;
			children = (
				15FADDEE5D94096F4BF27321 /* Pods_AmazonIVSPlayerBasicSetup.framework */,
			);
			name = Frameworks;
			sourceTree = "<group>";
		};
		9D17F2BB2A6669C600454512 = {
			isa = PBXGroup;
			children = (
				9D17F2C62A6669C600454512 /* AmazonIVSPlayerBasicSetup */,
				9D17F2C52A6669C600454512 /* Products */,
				543349F43927A45FBE4F90F6 /* Pods */,
				79174CA09178A8648B862DFF /* Frameworks */,
			);
			sourceTree = "<group>";
		};
		9D17F2C52A6669C600454512 /* Products */ = {
			isa = PBXGroup;
			children = (
				9D17F2C42A6669C600454512 /* AmazonIVSPlayerBasicSetup.app */,
			);
			name = Products;
			sourceTree = "<group>";
		};
		9D17F2C62A6669C600454512 /* AmazonIVSPlayerBasicSetup */ = {
			isa = PBXGroup;
			children = (
				9D17F2D72A6669D800454512 /* Helper */,
				9D17F2C72A6669C600454512 /* AmazonIVSPlayerBasicSetupApp.swift */,
				9D17F2C92A6669C600454512 /* ContentView.swift */,
				9D17F2CB2A6669C700454512 /* Assets.xcassets */,
				9D17F2CD2A6669C700454512 /* Preview Content */,
			);
			path = AmazonIVSPlayerBasicSetup;
			sourceTree = "<group>";
		};
		9D17F2CD2A6669C700454512 /* Preview Content */ = {
			isa = PBXGroup;
			children = (
				9D17F2CE2A6669C700454512 /* Preview Assets.xcassets */,
			);
			path = "Preview Content";
			sourceTree = "<group>";
		};
		9D17F2D72A6669D800454512 /* Helper */ = {
			isa = PBXGroup;
			children = (
				9D17F2D52A6669D800454512 /* PlayerView.swift */,
				9D17F2D62A6669D800454512 /* PlayerViewWrapper.swift */,
			);
			path = Helper;
			sourceTree = "<group>";
		};
/* End PBXGroup section */

/* Begin PBXNativeTarget section */
		9D17F2C32A6669C600454512 /* AmazonIVSPlayerBasicSetup */ = {
			isa = PBXNativeTarget;
			buildConfigurationList = 9D17F2D22A6669C700454512 /* Build configuration list for PBXNativeTarget "AmazonIVSPlayerBasicSetup" */;
			buildPhases = (
				DC6F6B1E2B6238EC579D528C /* [CP] Check Pods Manifest.lock */,
				9D17F2C02A6669C600454512 /* Sources */,
				9D17F2C12A6669C600454512 /* Frameworks */,
				9D17F2C22A6669C600454512 /* Resources */,
				4751B18E383C9F080975F01D /* [CP] Embed Pods Frameworks */,
			);
			buildRules = (
			);
			dependencies = (
			);
			name = AmazonIVSPlayerBasicSetup;
			productName = AmazonIVSPlayerBasicSetup;
			productReference = 9D17F2C42A6669C600454512 /* AmazonIVSPlayerBasicSetup.app */;
			productType = "com.apple.product-type.application";
		};
/* End PBXNativeTarget section */

/* Begin PBXProject section */
		9D17F2BC2A6669C600454512 /* Project object */ = {
			isa = PBXProject;
			attributes = {
				BuildIndependentTargetsInParallel = 1;
				LastSwiftUpdateCheck = 1420;
				LastUpgradeCheck = 1420;
				TargetAttributes = {
					9D17F2C32A6669C600454512 = {
						CreatedOnToolsVersion = 14.2;
					};
				};
			};
			buildConfigurationList = 9D17F2BF2A6669C600454512 /* Build configuration list for PBXProject "AmazonIVSPlayerBasicSetup" */;
			compatibilityVersion = "Xcode 14.0";
			developmentRegion = en;
			hasScannedForEncodings = 0;
			knownRegions = (
				en,
				Base,
			);
			mainGroup = 9D17F2BB2A6669C600454512;
			productRefGroup = 9D17F2C52A6669C600454512 /* Products */;
			projectDirPath = "";
			projectRoot = "";
			targets = (
				9D17F2C32A6669C600454512 /* AmazonIVSPlayerBasicSetup */,
			);
		};
/* End PBXProject section */

/* Begin PBXResourcesBuildPhase section */
		9D17F2C22A6669C600454512 /* Resources */ = {
			isa = PBXResourcesBuildPhase;
			buildActionMask = 2147483647;
			files = (
				9D17F2CF2A6669C700454512 /* Preview Assets.xcassets in Resources */,
				9D17F2CC2A6669C700454512 /* Assets.xcassets in Resources */,
			);
			runOnlyForDeploymentPostprocessing = 0;
		};
/* End PBXResourcesBuildPhase section */

/* Begin PBXShellScriptBuildPhase section */
		4751B18E383C9F080975F01D /* [CP] Embed Pods Frameworks */ = {
			isa = PBXShellScriptBuildPhase;
			buildActionMask = 2147483647;
			files = (
			);
			inputFileListPaths = (
				"${PODS_ROOT}/Target Support Files/Pods-AmazonIVSPlayerBasicSetup/Pods-AmazonIVSPlayerBasicSetup-frameworks-${CONFIGURATION}-input-files.xcfilelist",
			);
			name = "[CP] Embed Pods Frameworks";
			outputFileListPaths = (
				"${PODS_ROOT}/Target Support Files/Pods-AmazonIVSPlayerBasicSetup/Pods-AmazonIVSPlayerBasicSetup-frameworks-${CONFIGURATION}-output-files.xcfilelist",
			);
			runOnlyForDeploymentPostprocessing = 0;
			shellPath = /bin/sh;
			shellScript = "\"${PODS_ROOT}/Target Support Files/Pods-AmazonIVSPlayerBasicSetup/Pods-AmazonIVSPlayerBasicSetup-frameworks.sh\"\n";
			showEnvVarsInLog = 0;
		};
		DC6F6B1E2B6238EC579D528C /* [CP] Check Pods Manifest.lock */ = {
			isa = PBXShellScriptBuildPhase;
			buildActionMask = 2147483647;
			files = (
			);
			inputFileListPaths = (
			);
			inputPaths = (
				"${PODS_PODFILE_DIR_PATH}/Podfile.lock",
				"${PODS_ROOT}/Manifest.lock",
			);
			name = "[CP] Check Pods Manifest.lock";
			outputFileListPaths = (
			);
			outputPaths = (
				"$(DERIVED_FILE_DIR)/Pods-AmazonIVSPlayerBasicSetup-checkManifestLockResult.txt",
			);
			runOnlyForDeploymentPostprocessing = 0;
			shellPath = /bin/sh;
			shellScript = "diff \"${PODS_PODFILE_DIR_PATH}/Podfile.lock\" \"${PODS_ROOT}/Manifest.lock\" > /dev/null\nif [ $? != 0 ] ; then\n    # print error to STDERR\n    echo \"error: The sandbox is not in sync with the Podfile.lock. Run 'pod install' or update your CocoaPods installation.\" >&2\n    exit 1\nfi\n# This output is used by Xcode 'outputs' to avoid re-running this script phase.\necho \"SUCCESS\" > \"${SCRIPT_OUTPUT_FILE_0}\"\n";
			showEnvVarsInLog = 0;
		};
/* End PBXShellScriptBuildPhase section */

/* Begin PBXSourcesBuildPhase section */
		9D17F2C02A6669C600454512 /* Sources */ = {
			isa = PBXSourcesBuildPhase;
			buildActionMask = 2147483647;
			files = (
				9D17F2CA2A6669C600454512 /* ContentView.swift in Sources */,
				9D17F2D82A666A3400454512 /* PlayerViewWrapper.swift in Sources */,
				9D17F2C82A6669C600454512 /* AmazonIVSPlayerBasicSetupApp.swift in Sources */,
				9D17F2D92A666A3B00454512 /* PlayerView.swift in Sources */,
			);
			runOnlyForDeploymentPostprocessing = 0;
		};
/* End PBXSourcesBuildPhase section */

/* Begin XCBuildConfiguration section */
		9D17F2D02A6669C700454512 /* Debug */ = {
			isa = XCBuildConfiguration;
			buildSettings = {
				ALWAYS_SEARCH_USER_PATHS = NO;
				CLANG_ANALYZER_NONNULL = YES;
				CLANG_ANALYZER_NUMBER_OBJECT_CONVERSION = YES_AGGRESSIVE;
				CLANG_CXX_LANGUAGE_STANDARD = "gnu++20";
				CLANG_ENABLE_MODULES = YES;
				CLANG_ENABLE_OBJC_ARC = YES;
				CLANG_ENABLE_OBJC_WEAK = YES;
				CLANG_WARN_BLOCK_CAPTURE_AUTORELEASING = YES;
				CLANG_WARN_BOOL_CONVERSION = YES;
				CLANG_WARN_COMMA = YES;
				CLANG_WARN_CONSTANT_CONVERSION = YES;
				CLANG_WARN_DEPRECATED_OBJC_IMPLEMENTATIONS = YES;
				CLANG_WARN_DIRECT_OBJC_ISA_USAGE = YES_ERROR;
				CLANG_WARN_DOCUMENTATION_COMMENTS = YES;
				CLANG_WARN_EMPTY_BODY = YES;
				CLANG_WARN_ENUM_CONVERSION = YES;
				CLANG_WARN_INFINITE_RECURSION = YES;
				CLANG_WARN_INT_CONVERSION = YES;
				CLANG_WARN_NON_LITERAL_NULL_CONVERSION = YES;
				CLANG_WARN_OBJC_IMPLICIT_RETAIN_SELF = YES;
				CLANG_WARN_OBJC_LITERAL_CONVERSION = YES;
				CLANG_WARN_OBJC_ROOT_CLASS = YES_ERROR;
				CLANG_WARN_QUOTED_INCLUDE_IN_FRAMEWORK_HEADER = YES;
				CLANG_WARN_RANGE_LOOP_ANALYSIS = YES;
				CLANG_WARN_STRICT_PROTOTYPES = YES;
				CLANG_WARN_SUSPICIOUS_MOVE = YES;
				CLANG_WARN_UNGUARDED_AVAILABILITY = YES_AGGRESSIVE;
				CLANG_WARN_UNREACHABLE_CODE = YES;
				CLANG_WARN__DUPLICATE_METHOD_MATCH = YES;
				COPY_PHASE_STRIP = NO;
				DEBUG_INFORMATION_FORMAT = dwarf;
				ENABLE_STRICT_OBJC_MSGSEND = YES;
				ENABLE_TESTABILITY = YES;
				GCC_C_LANGUAGE_STANDARD = gnu11;
				GCC_DYNAMIC_NO_PIC = NO;
				GCC_NO_COMMON_BLOCKS = YES;
				GCC_OPTIMIZATION_LEVEL = 0;
				GCC_PREPROCESSOR_DEFINITIONS = (
					"DEBUG=1",
					"$(inherited)",
				);
				GCC_WARN_64_TO_32_BIT_CONVERSION = YES;
				GCC_WARN_ABOUT_RETURN_TYPE = YES_ERROR;
				GCC_WARN_UNDECLARED_SELECTOR = YES;
				GCC_WARN_UNINITIALIZED_AUTOS = YES_AGGRESSIVE;
				GCC_WARN_UNUSED_FUNCTION = YES;
				GCC_WARN_UNUSED_VARIABLE = YES;
				IPHONEOS_DEPLOYMENT_TARGET = 16.2;
				MTL_ENABLE_DEBUG_INFO = INCLUDE_SOURCE;
				MTL_FAST_MATH = YES;
				ONLY_ACTIVE_ARCH = YES;
				SDKROOT = iphoneos;
				SWIFT_ACTIVE_COMPILATION_CONDITIONS = DEBUG;
				SWIFT_OPTIMIZATION_LEVEL = "-Onone";
			};
			name = Debug;
		};
		9D17F2D12A6669C700454512 /* Release */ = {
			isa = XCBuildConfiguration;
			buildSettings = {
				ALWAYS_SEARCH_USER_PATHS = NO;
				CLANG_ANALYZER_NONNULL = YES;
				CLANG_ANALYZER_NUMBER_OBJECT_CONVERSION = YES_AGGRESSIVE;
				CLANG_CXX_LANGUAGE_STANDARD = "gnu++20";
				CLANG_ENABLE_MODULES = YES;
				CLANG_ENABLE_OBJC_ARC = YES;
				CLANG_ENABLE_OBJC_WEAK = YES;
				CLANG_WARN_BLOCK_CAPTURE_AUTORELEASING = YES;
				CLANG_WARN_BOOL_CONVERSION = YES;
				CLANG_WARN_COMMA = YES;
				CLANG_WARN_CONSTANT_CONVERSION = YES;
				CLANG_WARN_DEPRECATED_OBJC_IMPLEMENTATIONS = YES;
				CLANG_WARN_DIRECT_OBJC_ISA_USAGE = YES_ERROR;
				CLANG_WARN_DOCUMENTATION_COMMENTS = YES;
				CLANG_WARN_EMPTY_BODY = YES;
				CLANG_WARN_ENUM_CONVERSION = YES;
				CLANG_WARN_INFINITE_RECURSION = YES;
				CLANG_WARN_INT_CONVERSION = YES;
				CLANG_WARN_NON_LITERAL_NULL_CONVERSION = YES;
				CLANG_WARN_OBJC_IMPLICIT_RETAIN_SELF = YES;
				CLANG_WARN_OBJC_LITERAL_CONVERSION = YES;
				CLANG_WARN_OBJC_ROOT_CLASS = YES_ERROR;
				CLANG_WARN_QUOTED_INCLUDE_IN_FRAMEWORK_HEADER = YES;
				CLANG_WARN_RANGE_LOOP_ANALYSIS = YES;
				CLANG_WARN_STRICT_PROTOTYPES = YES;
				CLANG_WARN_SUSPICIOUS_MOVE = YES;
				CLANG_WARN_UNGUARDED_AVAILABILITY = YES_AGGRESSIVE;
				CLANG_WARN_UNREACHABLE_CODE = YES;
				CLANG_WARN__DUPLICATE_METHOD_MATCH = YES;
				COPY_PHASE_STRIP = NO;
				DEBUG_INFORMATION_FORMAT = "dwarf-with-dsym";
				ENABLE_NS_ASSERTIONS = NO;
				ENABLE_STRICT_OBJC_MSGSEND = YES;
				GCC_C_LANGUAGE_STANDARD = gnu11;
				GCC_NO_COMMON_BLOCKS = YES;
				GCC_WARN_64_TO_32_BIT_CONVERSION = YES;
				GCC_WARN_ABOUT_RETURN_TYPE = YES_ERROR;
				GCC_WARN_UNDECLARED_SELECTOR = YES;
				GCC_WARN_UNINITIALIZED_AUTOS = YES_AGGRESSIVE;
				GCC_WARN_UNUSED_FUNCTION = YES;
				GCC_WARN_UNUSED_VARIABLE = YES;
				IPHONEOS_DEPLOYMENT_TARGET = 16.2;
				MTL_ENABLE_DEBUG_INFO = NO;
				MTL_FAST_MATH = YES;
				SDKROOT = iphoneos;
				SWIFT_COMPILATION_MODE = wholemodule;
				SWIFT_OPTIMIZATION_LEVEL = "-O";
				VALIDATE_PRODUCT = YES;
			};
			name = Release;
		};
		9D17F2D32A6669C700454512 /* Debug */ = {
			isa = XCBuildConfiguration;
			baseConfigurationReference = 251D2A0D3DD834687DABF3D3 /* Pods-AmazonIVSPlayerBasicSetup.debug.xcconfig */;
			buildSettings = {
				ASSETCATALOG_COMPILER_APPICON_NAME = AppIcon;
				ASSETCATALOG_COMPILER_GLOBAL_ACCENT_COLOR_NAME = AccentColor;
				CODE_SIGN_STYLE = Automatic;
				CURRENT_PROJECT_VERSION = 1;
				DEVELOPMENT_ASSET_PATHS = "\"AmazonIVSPlayerBasicSetup/Preview Content\"";
				ENABLE_PREVIEWS = YES;
				GENERATE_INFOPLIST_FILE = YES;
				INFOPLIST_KEY_UIApplicationSceneManifest_Generation = YES;
				INFOPLIST_KEY_UIApplicationSupportsIndirectInputEvents = YES;
				INFOPLIST_KEY_UILaunchScreen_Generation = YES;
				INFOPLIST_KEY_UISupportedInterfaceOrientations_iPad = "UIInterfaceOrientationPortrait UIInterfaceOrientationPortraitUpsideDown UIInterfaceOrientationLandscapeLeft UIInterfaceOrientationLandscapeRight";
				INFOPLIST_KEY_UISupportedInterfaceOrientations_iPhone = "UIInterfaceOrientationPortrait UIInterfaceOrientationLandscapeLeft UIInterfaceOrientationLandscapeRight";
				LD_RUNPATH_SEARCH_PATHS = (
					"$(inherited)",
					"@executable_path/Frameworks",
				);
				MARKETING_VERSION = 1.0;
				PRODUCT_BUNDLE_IDENTIFIER = com.bitmovin.analytics.samples.amazonivs.basic;
				PRODUCT_NAME = "$(TARGET_NAME)";
				SWIFT_EMIT_LOC_STRINGS = YES;
				SWIFT_VERSION = 5.0;
				TARGETED_DEVICE_FAMILY = "1,2";
			};
			name = Debug;
		};
		9D17F2D42A6669C700454512 /* Release */ = {
			isa = XCBuildConfiguration;
			baseConfigurationReference = 666CAC39FAC2AE122815006F /* Pods-AmazonIVSPlayerBasicSetup.release.xcconfig */;
			buildSettings = {
				ASSETCATALOG_COMPILER_APPICON_NAME = AppIcon;
				ASSETCATALOG_COMPILER_GLOBAL_ACCENT_COLOR_NAME = AccentColor;
				CODE_SIGN_STYLE = Automatic;
				CURRENT_PROJECT_VERSION = 1;
				DEVELOPMENT_ASSET_PATHS = "\"AmazonIVSPlayerBasicSetup/Preview Content\"";
				ENABLE_PREVIEWS = YES;
				GENERATE_INFOPLIST_FILE = YES;
				INFOPLIST_KEY_UIApplicationSceneManifest_Generation = YES;
				INFOPLIST_KEY_UIApplicationSupportsIndirectInputEvents = YES;
				INFOPLIST_KEY_UILaunchScreen_Generation = YES;
				INFOPLIST_KEY_UISupportedInterfaceOrientations_iPad = "UIInterfaceOrientationPortrait UIInterfaceOrientationPortraitUpsideDown UIInterfaceOrientationLandscapeLeft UIInterfaceOrientationLandscapeRight";
				INFOPLIST_KEY_UISupportedInterfaceOrientations_iPhone = "UIInterfaceOrientationPortrait UIInterfaceOrientationLandscapeLeft UIInterfaceOrientationLandscapeRight";
				LD_RUNPATH_SEARCH_PATHS = (
					"$(inherited)",
					"@executable_path/Frameworks",
				);
				MARKETING_VERSION = 1.0;
				PRODUCT_BUNDLE_IDENTIFIER = com.bitmovin.analytics.samples.amazonivs.basic;
				PRODUCT_NAME = "$(TARGET_NAME)";
				SWIFT_EMIT_LOC_STRINGS = YES;
				SWIFT_VERSION = 5.0;
				TARGETED_DEVICE_FAMILY = "1,2";
			};
			name = Release;
		};
/* End XCBuildConfiguration section */

/* Begin XCConfigurationList section */
		9D17F2BF2A6669C600454512 /* Build configuration list for PBXProject "AmazonIVSPlayerBasicSetup" */ = {
			isa = XCConfigurationList;
			buildConfigurations = (
				9D17F2D02A6669C700454512 /* Debug */,
				9D17F2D12A6669C700454512 /* Release */,
			);
			defaultConfigurationIsVisible = 0;
			defaultConfigurationName = Release;
		};
		9D17F2D22A6669C700454512 /* Build configuration list for PBXNativeTarget "AmazonIVSPlayerBasicSetup" */ = {
			isa = XCConfigurationList;
			buildConfigurations = (
				9D17F2D32A6669C700454512 /* Debug */,
				9D17F2D42A6669C700454512 /* Release */,
			);
			defaultConfigurationIsVisible = 0;
			defaultConfigurationName = Release;
		};
/* End XCConfigurationList section */
	};
	rootObject = 9D17F2BC2A6669C600454512 /* Project object */;
}
