{
  "originHash" : "403a71b6d1086f73774b04b017f7eaa967c2880a4a858e1fd6f05298b407d5a9",
  "pins" : [
    {
      "identity" : "bitmovin-analytics-collector-ios",
      "kind" : "remoteSourceControl",
      "location" : "https://github.com/bitmovin/bitmovin-analytics-collector-ios",
      "state" : {
        "revision" : "3ffd056064d9a4779f2ffca0a68cb7bcffb49eb3",
        "version" : "3.21.0-a.3"
      }
    },
    {
      "identity" : "player-ios-core",
      "kind" : "remoteSourceControl",
      "location" : "https://github.com/bitmovin/player-ios-core.git",
      "state" : {
        "revision" : "00bb7798f4992c7a85aee1adfb82d515d2a35755",
        "version" : "3.106.0"
      }
    },
    {
      "identity" : "theoplayer-sdk-apple",
      "kind" : "remoteSourceControl",
      "location" : "https://github.com/THEOplayer/theoplayer-sdk-apple",
      "state" : {
        "revision" : "da794b6561fdc60fe314f9c25986dde6aeab51ba",
        "version" : "8.14.0"
      }
    }
  ],
  "version" : 3
}
