{
  "originHash" : "0b95a94b2eefdaa1010e5fdce1892e6ec838b438fe7ed49c486e32db63c27470",
  "pins" : [
    {
      "identity" : "bitmovin-analytics-collector-ios",
      "kind" : "remoteSourceControl",
      "location" : "https://github.com/bitmovin/bitmovin-analytics-collector-ios",
      "state" : {
        "revision" : "3ce424db7058018c4957cc00ea25c0670c1496d3",
        "version" : "3.24.0-a.5"
      }
    },
    {
      "identity" : "player-ios-core",
      "kind" : "remoteSourceControl",
      "location" : "https://github.com/bitmovin/player-ios-core.git",
      "state" : {
        "revision" : "fa75bd03cf0e0a1c21be30d8cd9b284bab7a7b1d",
        "version" : "3.111.1"
      }
    },
    {
      "identity" : "theoplayer-sdk-apple",
      "kind" : "remoteSourceControl",
      "location" : "https://github.com/THEOplayer/theoplayer-sdk-apple",
      "state" : {
        "revision" : "b0ffb88e50e28888c8b6e5f57a4d1f6e3af5d457",
        "version" : "11.0.0"
      }
    }
  ],
  "version" : 3
}
