{
  "originHash" : "6aefd1e7feb5b2d665a39a8440b5cf846416bf37d9eac7feb47c4ecc9906e82d",
  "pins" : [
    {
      "identity" : "bitmovin-analytics-collector-ios",
      "kind" : "remoteSourceControl",
      "location" : "https://github.com/bitmovin/bitmovin-analytics-collector-ios",
      "state" : {
        "revision" : "ee3b51682995c8cbbe76c7f43d21a4491d5c48a4",
        "version" : "3.7.0"
      }
    },
    {
      "identity" : "player-ios",
      "kind" : "remoteSourceControl",
      "location" : "https://github.com/bitmovin/player-ios.git",
      "state" : {
        "revision" : "394d76f2191c3272a67ef26b5ca7ba9da5bccd04",
        "version" : "3.66.1"
      }
    },
    {
      "identity" : "player-ios-core",
      "kind" : "remoteSourceControl",
      "location" : "https://github.com/bitmovin/player-ios-core.git",
      "state" : {
        "revision" : "5d3c0637dbe7a018af3abc2f1c8f61a9ffa21ca2",
        "version" : "3.66.1"
      }
    }
  ],
  "version" : 3
}
