{
  "originHash" : "3072df28fbf64166c19d7de4e5a7dd49eb7dfd14ea3a6872e1e41e7a751f1dea",
  "pins" : [
    {
      "identity" : "bitmovin-analytics-collector-ios",
      "kind" : "remoteSourceControl",
      "location" : "https://github.com/bitmovin/bitmovin-analytics-collector-ios",
      "state" : {
        "revision" : "39e27abf7d37afdcfe780733452144921df09438",
        "version" : "3.18.1"
      }
    },
    {
      "identity" : "player-ios",
      "kind" : "remoteSourceControl",
      "location" : "https://github.com/bitmovin/player-ios.git",
      "state" : {
        "revision" : "55142dae632026ad4cdc38302dff1cd6820e1185",
        "version" : "3.99.0"
      }
    },
    {
      "identity" : "player-ios-core",
      "kind" : "remoteSourceControl",
      "location" : "https://github.com/bitmovin/player-ios-core.git",
      "state" : {
        "revision" : "635c88b008ba02ee4b4d9ae5524828041da5d436",
        "version" : "3.99.0"
      }
    }
  ],
  "version" : 3
}
