{
  "originHash" : "eba5626c323e22f961f98ce60ae8127608f2a1976009d890e75fd2bc536796c8",
  "pins" : [
    {
      "identity" : "bitmovin-analytics-collector-ios",
      "kind" : "remoteSourceControl",
      "location" : "https://github.com/bitmovin/bitmovin-analytics-collector-ios",
      "state" : {
        "revision" : "f8d075366295a48e614085795f6383aa322470d0",
        "version" : "3.20.0"
      }
    },
    {
      "identity" : "player-ios",
      "kind" : "remoteSourceControl",
      "location" : "https://github.com/bitmovin/player-ios.git",
      "state" : {
        "revision" : "55142dae632026ad4cdc38302dff1cd6820e1185",
        "version" : "3.99.0"
      }
    },
    {
      "identity" : "player-ios-core",
      "kind" : "remoteSourceControl",
      "location" : "https://github.com/bitmovin/player-ios-core.git",
      "state" : {
        "revision" : "635c88b008ba02ee4b4d9ae5524828041da5d436",
        "version" : "3.99.0"
      }
    }
  ],
  "version" : 3
}
